
Microsoft Visual Studio Solution File, Format Version 12.00
# Visual Studio Version 17
VisualStudioVersion = 17.8.35027.43
MinimumVisualStudioVersion = 10.0.40219.1
Project("{FAE04EC0-301F-11D3-BF4B-00C04F79EFBC}") = "SibalaGame_20240830", "SibalaGame_20240830.csproj", "{7E0DDF3E-2611-42CA-A70F-D9CAE05B87F6}"
EndProject
Global
	GlobalSection(SolutionConfigurationPlatforms) = preSolution
		Debug|Any CPU = Debug|Any CPU
		Release|Any CPU = Release|Any CPU
	EndGlobalSection
	GlobalSection(ProjectConfigurationPlatforms) = postSolution
		{7E0DDF3E-2611-42CA-A70F-D9CAE05B87F6}.Debug|Any CPU.ActiveCfg = Debug|Any CPU
		{7E0DDF3E-2611-42CA-A70F-D9CAE05B87F6}.Debug|Any CPU.Build.0 = Debug|Any CPU
		{7E0DDF3E-2611-42CA-A70F-D9CAE05B87F6}.Release|Any CPU.ActiveCfg = Release|Any CPU
		{7E0DDF3E-2611-42CA-A70F-D9CAE05B87F6}.Release|Any CPU.Build.0 = Release|Any CPU
	EndGlobalSection
	GlobalSection(SolutionProperties) = preSolution
		HideSolutionNode = FALSE
	EndGlobalSection
	GlobalSection(ExtensibilityGlobals) = postSolution
		SolutionGuid = {C5683255-A053-43EE-BC2E-8EA296300DE9}
	EndGlobalSection
EndGlobal
